# THIS IS AN AUTOGENERATED FILE. DO NOT EDIT THIS FILE DIRECTLY.
# yarn lockfile v1


cou@latest:
  version "1.2.0"
  resolved "https://registry.yarnpkg.com/cou/-/cou-1.2.0.tgz#105b4e775684f9f3dfd6900e5d28cfa51412a8fe"
  dependencies:
    min-is "^1.1.8"

min-is@^1.1.8:
  version "1.3.0"
  resolved "https://registry.yarnpkg.com/min-is/-/min-is-1.3.0.tgz#a65440a690b9975ab279d0fe49ff37214c30df8d"

min-util@^2.0.0:
  version "2.1.0"
  resolved "https://registry.yarnpkg.com/min-util/-/min-util-2.1.0.tgz#20fc8d99f0fc6afa2aaa023d74194b095523ca68"
  dependencies:
    cou latest
